
Microsoft Visual Studio Solution File, Format Version 12.00
# Visual Studio Version 16
VisualStudioVersion = 16.0.29613.14
MinimumVisualStudioVersion = 10.0.40219.1
Project("{FAE04EC0-301F-11D3-BF4B-00C04F79EFBC}") = "01.ClubParty", "01.Club Party\01.ClubParty.csproj", "{8EE7B755-7B08-41B4-8627-B15CDDCC7E07}"
EndProject
Project("{FAE04EC0-301F-11D3-BF4B-00C04F79EFBC}") = "02.TronRacers", "02.TronRacers\02.TronRacers.csproj", "{0A447245-70EA-4C26-AB7E-08E0EF7834FC}"
EndProject
Global
	GlobalSection(SolutionConfigurationPlatforms) = preSolution
		Debug|Any CPU = Debug|Any CPU
		Release|Any CPU = Release|Any CPU
	EndGlobalSection
	GlobalSection(ProjectConfigurationPlatforms) = postSolution
		{8EE7B755-7B08-41B4-8627-B15CDDCC7E07}.Debug|Any CPU.ActiveCfg = Debug|Any CPU
		{8EE7B755-7B08-41B4-8627-B15CDDCC7E07}.Debug|Any CPU.Build.0 = Debug|Any CPU
		{8EE7B755-7B08-41B4-8627-B15CDDCC7E07}.Release|Any CPU.ActiveCfg = Release|Any CPU
		{8EE7B755-7B08-41B4-8627-B15CDDCC7E07}.Release|Any CPU.Build.0 = Release|Any CPU
		{0A447245-70EA-4C26-AB7E-08E0EF7834FC}.Debug|Any CPU.ActiveCfg = Debug|Any CPU
		{0A447245-70EA-4C26-AB7E-08E0EF7834FC}.Debug|Any CPU.Build.0 = Debug|Any CPU
		{0A447245-70EA-4C26-AB7E-08E0EF7834FC}.Release|Any CPU.ActiveCfg = Release|Any CPU
		{0A447245-70EA-4C26-AB7E-08E0EF7834FC}.Release|Any CPU.Build.0 = Release|Any CPU
	EndGlobalSection
	GlobalSection(SolutionProperties) = preSolution
		HideSolutionNode = FALSE
	EndGlobalSection
	GlobalSection(ExtensibilityGlobals) = postSolution
		SolutionGuid = {8B5BD543-5B7C-4194-B44F-CD959CF83FF2}
	EndGlobalSection
EndGlobal
