
Microsoft Visual Studio Solution File, Format Version 12.00
# Visual Studio Version 16
VisualStudioVersion = 16.0.29613.14
MinimumVisualStudioVersion = 10.0.40219.1
Project("{FAE04EC0-301F-11D3-BF4B-00C04F79EFBC}") = "PersonsInfo", "PersonsInfo\PersonsInfo.csproj", "{B24BE99F-76FC-4E15-B830-E38A7D4ABF21}"
EndProject
Global
	GlobalSection(SolutionConfigurationPlatforms) = preSolution
		Debug|Any CPU = Debug|Any CPU
		Release|Any CPU = Release|Any CPU
	EndGlobalSection
	GlobalSection(ProjectConfigurationPlatforms) = postSolution
		{B24BE99F-76FC-4E15-B830-E38A7D4ABF21}.Debug|Any CPU.ActiveCfg = Debug|Any CPU
		{B24BE99F-76FC-4E15-B830-E38A7D4ABF21}.Debug|Any CPU.Build.0 = Debug|Any CPU
		{B24BE99F-76FC-4E15-B830-E38A7D4ABF21}.Release|Any CPU.ActiveCfg = Release|Any CPU
		{B24BE99F-76FC-4E15-B830-E38A7D4ABF21}.Release|Any CPU.Build.0 = Release|Any CPU
	EndGlobalSection
	GlobalSection(SolutionProperties) = preSolution
		HideSolutionNode = FALSE
	EndGlobalSection
	GlobalSection(ExtensibilityGlobals) = postSolution
		SolutionGuid = {BBA9702B-926D-480F-ACD7-5490B48C29AE}
	EndGlobalSection
EndGlobal
