
Microsoft Visual Studio Solution File, Format Version 12.00
# Visual Studio 15
VisualStudioVersion = 15.0.28010.0
MinimumVisualStudioVersion = 10.0.40219.1
Project("{FAE04EC0-301F-11D3-BF4B-00C04F79EFBC}") = "01.CountSameValuesInArray", "01.CountSameValuesInArray\01.CountSameValuesInArray.csproj", "{CF7E25EA-06F7-4532-8E60-B3E5532DA258}"
EndProject
Project("{FAE04EC0-301F-11D3-BF4B-00C04F79EFBC}") = "02.AverageStudentGrades", "02.AverageStudentGrades\02.AverageStudentGrades.csproj", "{D60CB6A8-76E4-427B-BB61-D7EE8EA017C8}"
EndProject
Project("{FAE04EC0-301F-11D3-BF4B-00C04F79EFBC}") = "03.ProductShop", "03.ProductShop\03.ProductShop.csproj", "{7F637D31-3F3F-482E-ABCA-63C488A535A4}"
EndProject
Project("{FAE04EC0-301F-11D3-BF4B-00C04F79EFBC}") = "04.CitiesByContinentAndCountry", "04.CitiesByContinentAndCountry\04.CitiesByContinentAndCountry.csproj", "{F0953B31-4B24-4998-959E-9C3B8DBB3383}"
EndProject
Project("{FAE04EC0-301F-11D3-BF4B-00C04F79EFBC}") = "05.RecordUniqueNamesp1", "05.RecordUniqueNamesp1\05.RecordUniqueNamesp1.csproj", "{99EB5631-3836-440F-909D-643414346A34}"
EndProject
Project("{FAE04EC0-301F-11D3-BF4B-00C04F79EFBC}") = "06.ParkingLot", "06.ParkingLot\06.ParkingLot.csproj", "{38B766B0-67AA-4DF9-8A40-F28EA902742A}"
EndProject
Project("{FAE04EC0-301F-11D3-BF4B-00C04F79EFBC}") = "07.SoftUniParty", "07.SoftUniParty\07.SoftUniParty.csproj", "{8004FB55-FF2E-4CBD-9782-2D877635B076}"
EndProject
Global
	GlobalSection(SolutionConfigurationPlatforms) = preSolution
		Debug|Any CPU = Debug|Any CPU
		Release|Any CPU = Release|Any CPU
	EndGlobalSection
	GlobalSection(ProjectConfigurationPlatforms) = postSolution
		{CF7E25EA-06F7-4532-8E60-B3E5532DA258}.Debug|Any CPU.ActiveCfg = Debug|Any CPU
		{CF7E25EA-06F7-4532-8E60-B3E5532DA258}.Debug|Any CPU.Build.0 = Debug|Any CPU
		{CF7E25EA-06F7-4532-8E60-B3E5532DA258}.Release|Any CPU.ActiveCfg = Release|Any CPU
		{CF7E25EA-06F7-4532-8E60-B3E5532DA258}.Release|Any CPU.Build.0 = Release|Any CPU
		{D60CB6A8-76E4-427B-BB61-D7EE8EA017C8}.Debug|Any CPU.ActiveCfg = Debug|Any CPU
		{D60CB6A8-76E4-427B-BB61-D7EE8EA017C8}.Debug|Any CPU.Build.0 = Debug|Any CPU
		{D60CB6A8-76E4-427B-BB61-D7EE8EA017C8}.Release|Any CPU.ActiveCfg = Release|Any CPU
		{D60CB6A8-76E4-427B-BB61-D7EE8EA017C8}.Release|Any CPU.Build.0 = Release|Any CPU
		{7F637D31-3F3F-482E-ABCA-63C488A535A4}.Debug|Any CPU.ActiveCfg = Debug|Any CPU
		{7F637D31-3F3F-482E-ABCA-63C488A535A4}.Debug|Any CPU.Build.0 = Debug|Any CPU
		{7F637D31-3F3F-482E-ABCA-63C488A535A4}.Release|Any CPU.ActiveCfg = Release|Any CPU
		{7F637D31-3F3F-482E-ABCA-63C488A535A4}.Release|Any CPU.Build.0 = Release|Any CPU
		{F0953B31-4B24-4998-959E-9C3B8DBB3383}.Debug|Any CPU.ActiveCfg = Debug|Any CPU
		{F0953B31-4B24-4998-959E-9C3B8DBB3383}.Debug|Any CPU.Build.0 = Debug|Any CPU
		{F0953B31-4B24-4998-959E-9C3B8DBB3383}.Release|Any CPU.ActiveCfg = Release|Any CPU
		{F0953B31-4B24-4998-959E-9C3B8DBB3383}.Release|Any CPU.Build.0 = Release|Any CPU
		{99EB5631-3836-440F-909D-643414346A34}.Debug|Any CPU.ActiveCfg = Debug|Any CPU
		{99EB5631-3836-440F-909D-643414346A34}.Debug|Any CPU.Build.0 = Debug|Any CPU
		{99EB5631-3836-440F-909D-643414346A34}.Release|Any CPU.ActiveCfg = Release|Any CPU
		{99EB5631-3836-440F-909D-643414346A34}.Release|Any CPU.Build.0 = Release|Any CPU
		{38B766B0-67AA-4DF9-8A40-F28EA902742A}.Debug|Any CPU.ActiveCfg = Debug|Any CPU
		{38B766B0-67AA-4DF9-8A40-F28EA902742A}.Debug|Any CPU.Build.0 = Debug|Any CPU
		{38B766B0-67AA-4DF9-8A40-F28EA902742A}.Release|Any CPU.ActiveCfg = Release|Any CPU
		{38B766B0-67AA-4DF9-8A40-F28EA902742A}.Release|Any CPU.Build.0 = Release|Any CPU
		{8004FB55-FF2E-4CBD-9782-2D877635B076}.Debug|Any CPU.ActiveCfg = Debug|Any CPU
		{8004FB55-FF2E-4CBD-9782-2D877635B076}.Debug|Any CPU.Build.0 = Debug|Any CPU
		{8004FB55-FF2E-4CBD-9782-2D877635B076}.Release|Any CPU.ActiveCfg = Release|Any CPU
		{8004FB55-FF2E-4CBD-9782-2D877635B076}.Release|Any CPU.Build.0 = Release|Any CPU
	EndGlobalSection
	GlobalSection(SolutionProperties) = preSolution
		HideSolutionNode = FALSE
	EndGlobalSection
	GlobalSection(ExtensibilityGlobals) = postSolution
		SolutionGuid = {B75F227B-9B9E-4CD3-8F48-FF3B62738858}
	EndGlobalSection
EndGlobal
