
Microsoft Visual Studio Solution File, Format Version 12.00
# Visual Studio 15
VisualStudioVersion = 15.0.28010.0
MinimumVisualStudioVersion = 10.0.40219.1
Project("{9A19103F-16F7-4668-BE54-9A1E7A4F7556}") = "01.SpaceshipCrafting", "01.SpaceshipCrafting\01.SpaceshipCrafting.csproj", "{6C5297E5-1538-4ECD-91D6-8B95780359E5}"
EndProject
Project("{FAE04EC0-301F-11D3-BF4B-00C04F79EFBC}") = "03.SpaceStationEstablishment", "03.SpaceStationEstablishment\03.SpaceStationEstablishment.csproj", "{7C6AB0E6-F501-495E-9298-88445419EE79}"
EndProject
Global
	GlobalSection(SolutionConfigurationPlatforms) = preSolution
		Debug|Any CPU = Debug|Any CPU
		Release|Any CPU = Release|Any CPU
	EndGlobalSection
	GlobalSection(ProjectConfigurationPlatforms) = postSolution
		{6C5297E5-1538-4ECD-91D6-8B95780359E5}.Debug|Any CPU.ActiveCfg = Debug|Any CPU
		{6C5297E5-1538-4ECD-91D6-8B95780359E5}.Debug|Any CPU.Build.0 = Debug|Any CPU
		{6C5297E5-1538-4ECD-91D6-8B95780359E5}.Release|Any CPU.ActiveCfg = Release|Any CPU
		{6C5297E5-1538-4ECD-91D6-8B95780359E5}.Release|Any CPU.Build.0 = Release|Any CPU
		{7C6AB0E6-F501-495E-9298-88445419EE79}.Debug|Any CPU.ActiveCfg = Debug|Any CPU
		{7C6AB0E6-F501-495E-9298-88445419EE79}.Debug|Any CPU.Build.0 = Debug|Any CPU
		{7C6AB0E6-F501-495E-9298-88445419EE79}.Release|Any CPU.ActiveCfg = Release|Any CPU
		{7C6AB0E6-F501-495E-9298-88445419EE79}.Release|Any CPU.Build.0 = Release|Any CPU
	EndGlobalSection
	GlobalSection(SolutionProperties) = preSolution
		HideSolutionNode = FALSE
	EndGlobalSection
	GlobalSection(ExtensibilityGlobals) = postSolution
		SolutionGuid = {9F57E7EE-F3DD-47AA-8C2C-FE89FFB906E5}
	EndGlobalSection
EndGlobal
