
Microsoft Visual Studio Solution File, Format Version 12.00
# Visual Studio Version 16
VisualStudioVersion = 16.0.29613.14
MinimumVisualStudioVersion = 10.0.40219.1
Project("{9A19103F-16F7-4668-BE54-9A1E7A4F7556}") = "Heroes", "Heroes.csproj", "{62A24EFB-D014-4A56-A859-BD33DD0FBFD2}"
EndProject
Global
	GlobalSection(SolutionConfigurationPlatforms) = preSolution
		Debug|Any CPU = Debug|Any CPU
		Release|Any CPU = Release|Any CPU
	EndGlobalSection
	GlobalSection(ProjectConfigurationPlatforms) = postSolution
		{62A24EFB-D014-4A56-A859-BD33DD0FBFD2}.Debug|Any CPU.ActiveCfg = Debug|Any CPU
		{62A24EFB-D014-4A56-A859-BD33DD0FBFD2}.Debug|Any CPU.Build.0 = Debug|Any CPU
		{62A24EFB-D014-4A56-A859-BD33DD0FBFD2}.Release|Any CPU.ActiveCfg = Release|Any CPU
		{62A24EFB-D014-4A56-A859-BD33DD0FBFD2}.Release|Any CPU.Build.0 = Release|Any CPU
	EndGlobalSection
	GlobalSection(SolutionProperties) = preSolution
		HideSolutionNode = FALSE
	EndGlobalSection
	GlobalSection(ExtensibilityGlobals) = postSolution
		SolutionGuid = {CA0E1FEE-6A92-439D-BE41-7EECB49790C6}
	EndGlobalSection
EndGlobal
