
Microsoft Visual Studio Solution File, Format Version 12.00
# Visual Studio 15
VisualStudioVersion = 15.0.28010.0
MinimumVisualStudioVersion = 10.0.40219.1
Project("{FAE04EC0-301F-11D3-BF4B-00C04F79EFBC}") = "IteratorsAndComparators", "IteratorsAndComparators\IteratorsAndComparators.csproj", "{B564F9A9-7C88-4691-AC9E-6CF4D636A1CA}"
EndProject
Global
	GlobalSection(SolutionConfigurationPlatforms) = preSolution
		Debug|Any CPU = Debug|Any CPU
		Release|Any CPU = Release|Any CPU
	EndGlobalSection
	GlobalSection(ProjectConfigurationPlatforms) = postSolution
		{B564F9A9-7C88-4691-AC9E-6CF4D636A1CA}.Debug|Any CPU.ActiveCfg = Debug|Any CPU
		{B564F9A9-7C88-4691-AC9E-6CF4D636A1CA}.Debug|Any CPU.Build.0 = Debug|Any CPU
		{B564F9A9-7C88-4691-AC9E-6CF4D636A1CA}.Release|Any CPU.ActiveCfg = Release|Any CPU
		{B564F9A9-7C88-4691-AC9E-6CF4D636A1CA}.Release|Any CPU.Build.0 = Release|Any CPU
	EndGlobalSection
	GlobalSection(SolutionProperties) = preSolution
		HideSolutionNode = FALSE
	EndGlobalSection
	GlobalSection(ExtensibilityGlobals) = postSolution
		SolutionGuid = {FA35A608-ADB0-48B3-AB3A-F558C1B30CF3}
	EndGlobalSection
EndGlobal
