
Microsoft Visual Studio Solution File, Format Version 12.00
# Visual Studio Version 16
VisualStudioVersion = 16.0.29613.14
MinimumVisualStudioVersion = 10.0.40219.1
Project("{FAE04EC0-301F-11D3-BF4B-00C04F79EFBC}") = "01.DatingApp", "01.DatingApp\01.DatingApp.csproj", "{6B304447-8752-460F-9FB5-5D5121E6779A}"
EndProject
Project("{FAE04EC0-301F-11D3-BF4B-00C04F79EFBC}") = "02.BookWorm", "02.BookWorm\02.BookWorm.csproj", "{AFE99FEF-F58C-4B48-B02F-93CE401DBB7D}"
EndProject
Global
	GlobalSection(SolutionConfigurationPlatforms) = preSolution
		Debug|Any CPU = Debug|Any CPU
		Release|Any CPU = Release|Any CPU
	EndGlobalSection
	GlobalSection(ProjectConfigurationPlatforms) = postSolution
		{6B304447-8752-460F-9FB5-5D5121E6779A}.Debug|Any CPU.ActiveCfg = Debug|Any CPU
		{6B304447-8752-460F-9FB5-5D5121E6779A}.Debug|Any CPU.Build.0 = Debug|Any CPU
		{6B304447-8752-460F-9FB5-5D5121E6779A}.Release|Any CPU.ActiveCfg = Release|Any CPU
		{6B304447-8752-460F-9FB5-5D5121E6779A}.Release|Any CPU.Build.0 = Release|Any CPU
		{AFE99FEF-F58C-4B48-B02F-93CE401DBB7D}.Debug|Any CPU.ActiveCfg = Debug|Any CPU
		{AFE99FEF-F58C-4B48-B02F-93CE401DBB7D}.Debug|Any CPU.Build.0 = Debug|Any CPU
		{AFE99FEF-F58C-4B48-B02F-93CE401DBB7D}.Release|Any CPU.ActiveCfg = Release|Any CPU
		{AFE99FEF-F58C-4B48-B02F-93CE401DBB7D}.Release|Any CPU.Build.0 = Release|Any CPU
	EndGlobalSection
	GlobalSection(SolutionProperties) = preSolution
		HideSolutionNode = FALSE
	EndGlobalSection
	GlobalSection(ExtensibilityGlobals) = postSolution
		SolutionGuid = {8701147A-2D7D-4BC1-A81A-05F51E7402F5}
	EndGlobalSection
EndGlobal
