
Microsoft Visual Studio Solution File, Format Version 12.00
# Visual Studio Version 16
VisualStudioVersion = 16.0.29613.14
MinimumVisualStudioVersion = 10.0.40219.1
Project("{FAE04EC0-301F-11D3-BF4B-00C04F79EFBC}") = "01.TrojanInvasion", "01.TrojanInvasion\01.TrojanInvasion.csproj", "{95BF2A02-032B-42B6-8E60-C96526EEF9C0}"
EndProject
Project("{FAE04EC0-301F-11D3-BF4B-00C04F79EFBC}") = "02.Helen'sAbduction", "02.Helen'sAbduction\02.Helen'sAbduction.csproj", "{8562DD97-FE5B-48FC-AD12-9B559579D51D}"
EndProject
Global
	GlobalSection(SolutionConfigurationPlatforms) = preSolution
		Debug|Any CPU = Debug|Any CPU
		Release|Any CPU = Release|Any CPU
	EndGlobalSection
	GlobalSection(ProjectConfigurationPlatforms) = postSolution
		{95BF2A02-032B-42B6-8E60-C96526EEF9C0}.Debug|Any CPU.ActiveCfg = Debug|Any CPU
		{95BF2A02-032B-42B6-8E60-C96526EEF9C0}.Debug|Any CPU.Build.0 = Debug|Any CPU
		{95BF2A02-032B-42B6-8E60-C96526EEF9C0}.Release|Any CPU.ActiveCfg = Release|Any CPU
		{95BF2A02-032B-42B6-8E60-C96526EEF9C0}.Release|Any CPU.Build.0 = Release|Any CPU
		{8562DD97-FE5B-48FC-AD12-9B559579D51D}.Debug|Any CPU.ActiveCfg = Debug|Any CPU
		{8562DD97-FE5B-48FC-AD12-9B559579D51D}.Debug|Any CPU.Build.0 = Debug|Any CPU
		{8562DD97-FE5B-48FC-AD12-9B559579D51D}.Release|Any CPU.ActiveCfg = Release|Any CPU
		{8562DD97-FE5B-48FC-AD12-9B559579D51D}.Release|Any CPU.Build.0 = Release|Any CPU
	EndGlobalSection
	GlobalSection(SolutionProperties) = preSolution
		HideSolutionNode = FALSE
	EndGlobalSection
	GlobalSection(ExtensibilityGlobals) = postSolution
		SolutionGuid = {DCCC08A6-4010-4A8D-8D8A-B0DDE280E87E}
	EndGlobalSection
EndGlobal
