
Microsoft Visual Studio Solution File, Format Version 12.00
# Visual Studio 15
VisualStudioVersion = 15.0.28010.0
MinimumVisualStudioVersion = 10.0.40219.1
Project("{FAE04EC0-301F-11D3-BF4B-00C04F79EFBC}") = "01. Reverse Strings", "1. Reverse Strings\01. Reverse Strings.csproj", "{DBD9BFC3-5858-4E7F-B462-D3A8AF8529E7}"
EndProject
Project("{FAE04EC0-301F-11D3-BF4B-00C04F79EFBC}") = "02. Stack Sum", "02. Stack Sum\02. Stack Sum.csproj", "{90FD4FB9-A3D4-4831-9D20-AC8BC1EDB66F}"
EndProject
Project("{FAE04EC0-301F-11D3-BF4B-00C04F79EFBC}") = "03. Simple Calculator", "03. Simple Calculator\03. Simple Calculator.csproj", "{A92021AC-5EF7-4C54-85ED-76B6BEC6CEFD}"
EndProject
Project("{FAE04EC0-301F-11D3-BF4B-00C04F79EFBC}") = "04. Matching Brackets", "04. Matching Brackets\04. Matching Brackets.csproj", "{85B07754-0E9F-4E71-BF73-D1705B41341A}"
EndProject
Project("{FAE04EC0-301F-11D3-BF4B-00C04F79EFBC}") = "5. Supermarket", "5. Supermarket\5. Supermarket.csproj", "{0AE91879-E7BB-4D48-AA4B-0F327F89EA0C}"
EndProject
Project("{FAE04EC0-301F-11D3-BF4B-00C04F79EFBC}") = "06. Hot Potato", "06. Hot Potato\06. Hot Potato.csproj", "{87CD9293-1C31-4EF5-94D9-A8B94281B456}"
EndProject
Project("{FAE04EC0-301F-11D3-BF4B-00C04F79EFBC}") = "7. Traffic Jam", "7. Traffic Jam\7. Traffic Jam.csproj", "{87A513BF-BA56-48CB-82C9-A058C4EE2C6E}"
EndProject
Global
	GlobalSection(SolutionConfigurationPlatforms) = preSolution
		Debug|Any CPU = Debug|Any CPU
		Release|Any CPU = Release|Any CPU
	EndGlobalSection
	GlobalSection(ProjectConfigurationPlatforms) = postSolution
		{DBD9BFC3-5858-4E7F-B462-D3A8AF8529E7}.Debug|Any CPU.ActiveCfg = Debug|Any CPU
		{DBD9BFC3-5858-4E7F-B462-D3A8AF8529E7}.Debug|Any CPU.Build.0 = Debug|Any CPU
		{DBD9BFC3-5858-4E7F-B462-D3A8AF8529E7}.Release|Any CPU.ActiveCfg = Release|Any CPU
		{DBD9BFC3-5858-4E7F-B462-D3A8AF8529E7}.Release|Any CPU.Build.0 = Release|Any CPU
		{90FD4FB9-A3D4-4831-9D20-AC8BC1EDB66F}.Debug|Any CPU.ActiveCfg = Debug|Any CPU
		{90FD4FB9-A3D4-4831-9D20-AC8BC1EDB66F}.Debug|Any CPU.Build.0 = Debug|Any CPU
		{90FD4FB9-A3D4-4831-9D20-AC8BC1EDB66F}.Release|Any CPU.ActiveCfg = Release|Any CPU
		{90FD4FB9-A3D4-4831-9D20-AC8BC1EDB66F}.Release|Any CPU.Build.0 = Release|Any CPU
		{A92021AC-5EF7-4C54-85ED-76B6BEC6CEFD}.Debug|Any CPU.ActiveCfg = Debug|Any CPU
		{A92021AC-5EF7-4C54-85ED-76B6BEC6CEFD}.Debug|Any CPU.Build.0 = Debug|Any CPU
		{A92021AC-5EF7-4C54-85ED-76B6BEC6CEFD}.Release|Any CPU.ActiveCfg = Release|Any CPU
		{A92021AC-5EF7-4C54-85ED-76B6BEC6CEFD}.Release|Any CPU.Build.0 = Release|Any CPU
		{85B07754-0E9F-4E71-BF73-D1705B41341A}.Debug|Any CPU.ActiveCfg = Debug|Any CPU
		{85B07754-0E9F-4E71-BF73-D1705B41341A}.Debug|Any CPU.Build.0 = Debug|Any CPU
		{85B07754-0E9F-4E71-BF73-D1705B41341A}.Release|Any CPU.ActiveCfg = Release|Any CPU
		{85B07754-0E9F-4E71-BF73-D1705B41341A}.Release|Any CPU.Build.0 = Release|Any CPU
		{0AE91879-E7BB-4D48-AA4B-0F327F89EA0C}.Debug|Any CPU.ActiveCfg = Debug|Any CPU
		{0AE91879-E7BB-4D48-AA4B-0F327F89EA0C}.Debug|Any CPU.Build.0 = Debug|Any CPU
		{0AE91879-E7BB-4D48-AA4B-0F327F89EA0C}.Release|Any CPU.ActiveCfg = Release|Any CPU
		{0AE91879-E7BB-4D48-AA4B-0F327F89EA0C}.Release|Any CPU.Build.0 = Release|Any CPU
		{87CD9293-1C31-4EF5-94D9-A8B94281B456}.Debug|Any CPU.ActiveCfg = Debug|Any CPU
		{87CD9293-1C31-4EF5-94D9-A8B94281B456}.Debug|Any CPU.Build.0 = Debug|Any CPU
		{87CD9293-1C31-4EF5-94D9-A8B94281B456}.Release|Any CPU.ActiveCfg = Release|Any CPU
		{87CD9293-1C31-4EF5-94D9-A8B94281B456}.Release|Any CPU.Build.0 = Release|Any CPU
		{87A513BF-BA56-48CB-82C9-A058C4EE2C6E}.Debug|Any CPU.ActiveCfg = Debug|Any CPU
		{87A513BF-BA56-48CB-82C9-A058C4EE2C6E}.Debug|Any CPU.Build.0 = Debug|Any CPU
		{87A513BF-BA56-48CB-82C9-A058C4EE2C6E}.Release|Any CPU.ActiveCfg = Release|Any CPU
		{87A513BF-BA56-48CB-82C9-A058C4EE2C6E}.Release|Any CPU.Build.0 = Release|Any CPU
	EndGlobalSection
	GlobalSection(SolutionProperties) = preSolution
		HideSolutionNode = FALSE
	EndGlobalSection
	GlobalSection(ExtensibilityGlobals) = postSolution
		SolutionGuid = {B2CB9D0B-A763-43A2-90F9-3A5A08ADBCEA}
	EndGlobalSection
EndGlobal
