
Microsoft Visual Studio Solution File, Format Version 12.00
# Visual Studio Version 16
VisualStudioVersion = 16.0.29613.14
MinimumVisualStudioVersion = 10.0.40219.1
Project("{FAE04EC0-301F-11D3-BF4B-00C04F79EFBC}") = "01.Santa'sPresentFactory", "01.Santa'sPresentFactory\01.Santa'sPresentFactory.csproj", "{F1AD0D53-AE99-4A61-97E3-8DE11A0BE7E1}"
EndProject
Project("{FAE04EC0-301F-11D3-BF4B-00C04F79EFBC}") = "02.PresentDelivery", "02.PresentDelivery\02.PresentDelivery.csproj", "{179BEA56-CEED-4040-A988-E19F1C0E00DA}"
EndProject
Global
	GlobalSection(SolutionConfigurationPlatforms) = preSolution
		Debug|Any CPU = Debug|Any CPU
		Release|Any CPU = Release|Any CPU
	EndGlobalSection
	GlobalSection(ProjectConfigurationPlatforms) = postSolution
		{F1AD0D53-AE99-4A61-97E3-8DE11A0BE7E1}.Debug|Any CPU.ActiveCfg = Debug|Any CPU
		{F1AD0D53-AE99-4A61-97E3-8DE11A0BE7E1}.Debug|Any CPU.Build.0 = Debug|Any CPU
		{F1AD0D53-AE99-4A61-97E3-8DE11A0BE7E1}.Release|Any CPU.ActiveCfg = Release|Any CPU
		{F1AD0D53-AE99-4A61-97E3-8DE11A0BE7E1}.Release|Any CPU.Build.0 = Release|Any CPU
		{179BEA56-CEED-4040-A988-E19F1C0E00DA}.Debug|Any CPU.ActiveCfg = Debug|Any CPU
		{179BEA56-CEED-4040-A988-E19F1C0E00DA}.Debug|Any CPU.Build.0 = Debug|Any CPU
		{179BEA56-CEED-4040-A988-E19F1C0E00DA}.Release|Any CPU.ActiveCfg = Release|Any CPU
		{179BEA56-CEED-4040-A988-E19F1C0E00DA}.Release|Any CPU.Build.0 = Release|Any CPU
	EndGlobalSection
	GlobalSection(SolutionProperties) = preSolution
		HideSolutionNode = FALSE
	EndGlobalSection
	GlobalSection(ExtensibilityGlobals) = postSolution
		SolutionGuid = {DE41906E-6C6E-488E-889E-4774E6823C05}
	EndGlobalSection
EndGlobal
