
Microsoft Visual Studio Solution File, Format Version 12.00
# Visual Studio 15
VisualStudioVersion = 15.0.28010.0
MinimumVisualStudioVersion = 10.0.40219.1
Project("{FAE04EC0-301F-11D3-BF4B-00C04F79EFBC}") = "01.UniqueUsernames", "SetsAndDictionariesAdvanced-Exercise\01.UniqueUsernames.csproj", "{98D5FEC6-984D-4256-B053-2D569DFEB21A}"
EndProject
Project("{FAE04EC0-301F-11D3-BF4B-00C04F79EFBC}") = "02.SetsOfElements", "02.SetsOfElements\02.SetsOfElements.csproj", "{B8737839-A21D-4362-870C-CB867573A2B7}"
EndProject
Project("{FAE04EC0-301F-11D3-BF4B-00C04F79EFBC}") = "03.PeriodicTable", "03.PeriodicTable\03.PeriodicTable.csproj", "{88261D5E-1B47-4AC3-AF3A-1D0C779F94AD}"
EndProject
Project("{FAE04EC0-301F-11D3-BF4B-00C04F79EFBC}") = "04.EvenTimes", "04.EvenTimes\04.EvenTimes.csproj", "{46EA5EA8-DDF6-4B1F-9DC2-D287577FDA1A}"
EndProject
Project("{FAE04EC0-301F-11D3-BF4B-00C04F79EFBC}") = "05.CountSymbols", "05.CountSymbols\05.CountSymbols.csproj", "{71955FC8-1A59-4C32-AE7B-FA180217078F}"
EndProject
Project("{FAE04EC0-301F-11D3-BF4B-00C04F79EFBC}") = "06.Wardrobe", "06.Wardrobe\06.Wardrobe.csproj", "{289D37D3-82BB-43B7-938F-ED93A806344F}"
EndProject
Project("{FAE04EC0-301F-11D3-BF4B-00C04F79EFBC}") = "07.TheV-Logger", "07.TheV-Logger\07.TheV-Logger.csproj", "{18DA496F-6694-4757-8267-CF755B1087A3}"
EndProject
Project("{FAE04EC0-301F-11D3-BF4B-00C04F79EFBC}") = "08.Ranking", "08.Ranking\08.Ranking.csproj", "{478E265D-8AC5-4283-9B7C-A05AF3D6C95D}"
EndProject
Global
	GlobalSection(SolutionConfigurationPlatforms) = preSolution
		Debug|Any CPU = Debug|Any CPU
		Release|Any CPU = Release|Any CPU
	EndGlobalSection
	GlobalSection(ProjectConfigurationPlatforms) = postSolution
		{98D5FEC6-984D-4256-B053-2D569DFEB21A}.Debug|Any CPU.ActiveCfg = Debug|Any CPU
		{98D5FEC6-984D-4256-B053-2D569DFEB21A}.Debug|Any CPU.Build.0 = Debug|Any CPU
		{98D5FEC6-984D-4256-B053-2D569DFEB21A}.Release|Any CPU.ActiveCfg = Release|Any CPU
		{98D5FEC6-984D-4256-B053-2D569DFEB21A}.Release|Any CPU.Build.0 = Release|Any CPU
		{B8737839-A21D-4362-870C-CB867573A2B7}.Debug|Any CPU.ActiveCfg = Debug|Any CPU
		{B8737839-A21D-4362-870C-CB867573A2B7}.Debug|Any CPU.Build.0 = Debug|Any CPU
		{B8737839-A21D-4362-870C-CB867573A2B7}.Release|Any CPU.ActiveCfg = Release|Any CPU
		{B8737839-A21D-4362-870C-CB867573A2B7}.Release|Any CPU.Build.0 = Release|Any CPU
		{88261D5E-1B47-4AC3-AF3A-1D0C779F94AD}.Debug|Any CPU.ActiveCfg = Debug|Any CPU
		{88261D5E-1B47-4AC3-AF3A-1D0C779F94AD}.Debug|Any CPU.Build.0 = Debug|Any CPU
		{88261D5E-1B47-4AC3-AF3A-1D0C779F94AD}.Release|Any CPU.ActiveCfg = Release|Any CPU
		{88261D5E-1B47-4AC3-AF3A-1D0C779F94AD}.Release|Any CPU.Build.0 = Release|Any CPU
		{46EA5EA8-DDF6-4B1F-9DC2-D287577FDA1A}.Debug|Any CPU.ActiveCfg = Debug|Any CPU
		{46EA5EA8-DDF6-4B1F-9DC2-D287577FDA1A}.Debug|Any CPU.Build.0 = Debug|Any CPU
		{46EA5EA8-DDF6-4B1F-9DC2-D287577FDA1A}.Release|Any CPU.ActiveCfg = Release|Any CPU
		{46EA5EA8-DDF6-4B1F-9DC2-D287577FDA1A}.Release|Any CPU.Build.0 = Release|Any CPU
		{71955FC8-1A59-4C32-AE7B-FA180217078F}.Debug|Any CPU.ActiveCfg = Debug|Any CPU
		{71955FC8-1A59-4C32-AE7B-FA180217078F}.Debug|Any CPU.Build.0 = Debug|Any CPU
		{71955FC8-1A59-4C32-AE7B-FA180217078F}.Release|Any CPU.ActiveCfg = Release|Any CPU
		{71955FC8-1A59-4C32-AE7B-FA180217078F}.Release|Any CPU.Build.0 = Release|Any CPU
		{289D37D3-82BB-43B7-938F-ED93A806344F}.Debug|Any CPU.ActiveCfg = Debug|Any CPU
		{289D37D3-82BB-43B7-938F-ED93A806344F}.Debug|Any CPU.Build.0 = Debug|Any CPU
		{289D37D3-82BB-43B7-938F-ED93A806344F}.Release|Any CPU.ActiveCfg = Release|Any CPU
		{289D37D3-82BB-43B7-938F-ED93A806344F}.Release|Any CPU.Build.0 = Release|Any CPU
		{18DA496F-6694-4757-8267-CF755B1087A3}.Debug|Any CPU.ActiveCfg = Debug|Any CPU
		{18DA496F-6694-4757-8267-CF755B1087A3}.Debug|Any CPU.Build.0 = Debug|Any CPU
		{18DA496F-6694-4757-8267-CF755B1087A3}.Release|Any CPU.ActiveCfg = Release|Any CPU
		{18DA496F-6694-4757-8267-CF755B1087A3}.Release|Any CPU.Build.0 = Release|Any CPU
		{478E265D-8AC5-4283-9B7C-A05AF3D6C95D}.Debug|Any CPU.ActiveCfg = Debug|Any CPU
		{478E265D-8AC5-4283-9B7C-A05AF3D6C95D}.Debug|Any CPU.Build.0 = Debug|Any CPU
		{478E265D-8AC5-4283-9B7C-A05AF3D6C95D}.Release|Any CPU.ActiveCfg = Release|Any CPU
		{478E265D-8AC5-4283-9B7C-A05AF3D6C95D}.Release|Any CPU.Build.0 = Release|Any CPU
	EndGlobalSection
	GlobalSection(SolutionProperties) = preSolution
		HideSolutionNode = FALSE
	EndGlobalSection
	GlobalSection(ExtensibilityGlobals) = postSolution
		SolutionGuid = {9417B764-DB5A-4512-9859-0E09BA8FBD30}
	EndGlobalSection
EndGlobal
