
Microsoft Visual Studio Solution File, Format Version 12.00
# Visual Studio 15
VisualStudioVersion = 15.0.28010.0
MinimumVisualStudioVersion = 10.0.40219.1
Project("{FAE04EC0-301F-11D3-BF4B-00C04F79EFBC}") = "01.GenericBoxOfString", "01.GenericBoxOfString\01.GenericBoxOfString.csproj", "{C1D494D1-1660-4C48-963F-3505EF549DFC}"
EndProject
Project("{FAE04EC0-301F-11D3-BF4B-00C04F79EFBC}") = "02.GenericBoxOfInteger", "02.GenericBoxOfInteger\02.GenericBoxOfInteger.csproj", "{C5D0FB20-9201-487A-BC92-4934A2C692D5}"
EndProject
Project("{FAE04EC0-301F-11D3-BF4B-00C04F79EFBC}") = "03.GenericSwapMethodString", "03.GenericSwapMethodString\03.GenericSwapMethodString.csproj", "{FFD8F65A-3766-43ED-8A39-7C6F7DABA84E}"
EndProject
Project("{FAE04EC0-301F-11D3-BF4B-00C04F79EFBC}") = "04.GenericSwapMethodInteger", "04.GenericSwapMethodInteger\04.GenericSwapMethodInteger.csproj", "{66A0C825-584F-4CD8-B35A-6C738241387D}"
EndProject
Project("{FAE04EC0-301F-11D3-BF4B-00C04F79EFBC}") = "05.GenericCountMethodString", "05. Generic Count Method String\05.GenericCountMethodString.csproj", "{2724A8F8-DD85-4BB2-816D-7E5F1A301CE9}"
EndProject
Project("{FAE04EC0-301F-11D3-BF4B-00C04F79EFBC}") = "06.GenericCountMethodDouble", "06.GenericCountMethodDouble\06.GenericCountMethodDouble.csproj", "{543ADF88-E8A4-4E8F-8607-39A8AE859E42}"
EndProject
Project("{FAE04EC0-301F-11D3-BF4B-00C04F79EFBC}") = "07.Tuple", "07.Tuple\07.Tuple.csproj", "{1DE5454E-214E-4BFB-A65A-13C06E90DA11}"
EndProject
Project("{FAE04EC0-301F-11D3-BF4B-00C04F79EFBC}") = "08.Threeuple", "08.Threeuple\08.Threeuple.csproj", "{2D5E2F8A-AB26-4D1F-91EE-0B990A69BCA9}"
EndProject
Global
	GlobalSection(SolutionConfigurationPlatforms) = preSolution
		Debug|Any CPU = Debug|Any CPU
		Release|Any CPU = Release|Any CPU
	EndGlobalSection
	GlobalSection(ProjectConfigurationPlatforms) = postSolution
		{C1D494D1-1660-4C48-963F-3505EF549DFC}.Debug|Any CPU.ActiveCfg = Debug|Any CPU
		{C1D494D1-1660-4C48-963F-3505EF549DFC}.Debug|Any CPU.Build.0 = Debug|Any CPU
		{C1D494D1-1660-4C48-963F-3505EF549DFC}.Release|Any CPU.ActiveCfg = Release|Any CPU
		{C1D494D1-1660-4C48-963F-3505EF549DFC}.Release|Any CPU.Build.0 = Release|Any CPU
		{C5D0FB20-9201-487A-BC92-4934A2C692D5}.Debug|Any CPU.ActiveCfg = Debug|Any CPU
		{C5D0FB20-9201-487A-BC92-4934A2C692D5}.Debug|Any CPU.Build.0 = Debug|Any CPU
		{C5D0FB20-9201-487A-BC92-4934A2C692D5}.Release|Any CPU.ActiveCfg = Release|Any CPU
		{C5D0FB20-9201-487A-BC92-4934A2C692D5}.Release|Any CPU.Build.0 = Release|Any CPU
		{FFD8F65A-3766-43ED-8A39-7C6F7DABA84E}.Debug|Any CPU.ActiveCfg = Debug|Any CPU
		{FFD8F65A-3766-43ED-8A39-7C6F7DABA84E}.Debug|Any CPU.Build.0 = Debug|Any CPU
		{FFD8F65A-3766-43ED-8A39-7C6F7DABA84E}.Release|Any CPU.ActiveCfg = Release|Any CPU
		{FFD8F65A-3766-43ED-8A39-7C6F7DABA84E}.Release|Any CPU.Build.0 = Release|Any CPU
		{66A0C825-584F-4CD8-B35A-6C738241387D}.Debug|Any CPU.ActiveCfg = Debug|Any CPU
		{66A0C825-584F-4CD8-B35A-6C738241387D}.Debug|Any CPU.Build.0 = Debug|Any CPU
		{66A0C825-584F-4CD8-B35A-6C738241387D}.Release|Any CPU.ActiveCfg = Release|Any CPU
		{66A0C825-584F-4CD8-B35A-6C738241387D}.Release|Any CPU.Build.0 = Release|Any CPU
		{2724A8F8-DD85-4BB2-816D-7E5F1A301CE9}.Debug|Any CPU.ActiveCfg = Debug|Any CPU
		{2724A8F8-DD85-4BB2-816D-7E5F1A301CE9}.Debug|Any CPU.Build.0 = Debug|Any CPU
		{2724A8F8-DD85-4BB2-816D-7E5F1A301CE9}.Release|Any CPU.ActiveCfg = Release|Any CPU
		{2724A8F8-DD85-4BB2-816D-7E5F1A301CE9}.Release|Any CPU.Build.0 = Release|Any CPU
		{543ADF88-E8A4-4E8F-8607-39A8AE859E42}.Debug|Any CPU.ActiveCfg = Debug|Any CPU
		{543ADF88-E8A4-4E8F-8607-39A8AE859E42}.Debug|Any CPU.Build.0 = Debug|Any CPU
		{543ADF88-E8A4-4E8F-8607-39A8AE859E42}.Release|Any CPU.ActiveCfg = Release|Any CPU
		{543ADF88-E8A4-4E8F-8607-39A8AE859E42}.Release|Any CPU.Build.0 = Release|Any CPU
		{1DE5454E-214E-4BFB-A65A-13C06E90DA11}.Debug|Any CPU.ActiveCfg = Debug|Any CPU
		{1DE5454E-214E-4BFB-A65A-13C06E90DA11}.Debug|Any CPU.Build.0 = Debug|Any CPU
		{1DE5454E-214E-4BFB-A65A-13C06E90DA11}.Release|Any CPU.ActiveCfg = Release|Any CPU
		{1DE5454E-214E-4BFB-A65A-13C06E90DA11}.Release|Any CPU.Build.0 = Release|Any CPU
		{2D5E2F8A-AB26-4D1F-91EE-0B990A69BCA9}.Debug|Any CPU.ActiveCfg = Debug|Any CPU
		{2D5E2F8A-AB26-4D1F-91EE-0B990A69BCA9}.Debug|Any CPU.Build.0 = Debug|Any CPU
		{2D5E2F8A-AB26-4D1F-91EE-0B990A69BCA9}.Release|Any CPU.ActiveCfg = Release|Any CPU
		{2D5E2F8A-AB26-4D1F-91EE-0B990A69BCA9}.Release|Any CPU.Build.0 = Release|Any CPU
	EndGlobalSection
	GlobalSection(SolutionProperties) = preSolution
		HideSolutionNode = FALSE
	EndGlobalSection
	GlobalSection(ExtensibilityGlobals) = postSolution
		SolutionGuid = {200D846C-AEA3-45A5-BCA3-9DF61469564E}
	EndGlobalSection
EndGlobal
