
Microsoft Visual Studio Solution File, Format Version 12.00
# Visual Studio 15
VisualStudioVersion = 15.0.28010.0
MinimumVisualStudioVersion = 10.0.40219.1
Project("{FAE04EC0-301F-11D3-BF4B-00C04F79EFBC}") = "BoxOfT", "BoxOfT\BoxOfT.csproj", "{E6CC03D4-7D89-497B-B8F5-8B4E34D75165}"
EndProject
Project("{FAE04EC0-301F-11D3-BF4B-00C04F79EFBC}") = "GenericArrayCreator", "GenericArrayCreator\GenericArrayCreator.csproj", "{C67A4FA9-E455-4AE7-984F-B63D7E22B668}"
EndProject
Project("{FAE04EC0-301F-11D3-BF4B-00C04F79EFBC}") = "GenericScale", "GenericScale\GenericScale.csproj", "{C875F156-F31C-4F28-957F-6F8282F6C1E7}"
EndProject
Global
	GlobalSection(SolutionConfigurationPlatforms) = preSolution
		Debug|Any CPU = Debug|Any CPU
		Release|Any CPU = Release|Any CPU
	EndGlobalSection
	GlobalSection(ProjectConfigurationPlatforms) = postSolution
		{E6CC03D4-7D89-497B-B8F5-8B4E34D75165}.Debug|Any CPU.ActiveCfg = Debug|Any CPU
		{E6CC03D4-7D89-497B-B8F5-8B4E34D75165}.Debug|Any CPU.Build.0 = Debug|Any CPU
		{E6CC03D4-7D89-497B-B8F5-8B4E34D75165}.Release|Any CPU.ActiveCfg = Release|Any CPU
		{E6CC03D4-7D89-497B-B8F5-8B4E34D75165}.Release|Any CPU.Build.0 = Release|Any CPU
		{C67A4FA9-E455-4AE7-984F-B63D7E22B668}.Debug|Any CPU.ActiveCfg = Debug|Any CPU
		{C67A4FA9-E455-4AE7-984F-B63D7E22B668}.Debug|Any CPU.Build.0 = Debug|Any CPU
		{C67A4FA9-E455-4AE7-984F-B63D7E22B668}.Release|Any CPU.ActiveCfg = Release|Any CPU
		{C67A4FA9-E455-4AE7-984F-B63D7E22B668}.Release|Any CPU.Build.0 = Release|Any CPU
		{C875F156-F31C-4F28-957F-6F8282F6C1E7}.Debug|Any CPU.ActiveCfg = Debug|Any CPU
		{C875F156-F31C-4F28-957F-6F8282F6C1E7}.Debug|Any CPU.Build.0 = Debug|Any CPU
		{C875F156-F31C-4F28-957F-6F8282F6C1E7}.Release|Any CPU.ActiveCfg = Release|Any CPU
		{C875F156-F31C-4F28-957F-6F8282F6C1E7}.Release|Any CPU.Build.0 = Release|Any CPU
	EndGlobalSection
	GlobalSection(SolutionProperties) = preSolution
		HideSolutionNode = FALSE
	EndGlobalSection
	GlobalSection(ExtensibilityGlobals) = postSolution
		SolutionGuid = {D71937B8-594E-4609-A60E-EBFEB513CBB3}
	EndGlobalSection
EndGlobal
