
Microsoft Visual Studio Solution File, Format Version 12.00
# Visual Studio 15
VisualStudioVersion = 15.0.28010.0
MinimumVisualStudioVersion = 10.0.40219.1
Project("{FAE04EC0-301F-11D3-BF4B-00C04F79EFBC}") = "01.DiagonalDifference", "01.DiagonalDifference\01.DiagonalDifference.csproj", "{D44E57ED-385C-4D4D-8BF1-493AF148A533}"
EndProject
Project("{FAE04EC0-301F-11D3-BF4B-00C04F79EFBC}") = "02.SquaresInMatrix", "02.SquaresInMatrix\02.SquaresInMatrix.csproj", "{315F270F-1AB5-461E-BA16-43DFF2213CB0}"
EndProject
Project("{FAE04EC0-301F-11D3-BF4B-00C04F79EFBC}") = "03.MaximalSum", "03.MaximalSum\03.MaximalSum.csproj", "{683E625E-9895-46C3-8963-D1D224FCE560}"
EndProject
Project("{FAE04EC0-301F-11D3-BF4B-00C04F79EFBC}") = "04.MatrixShuffling", "04.MatrixShuffling\04.MatrixShuffling.csproj", "{7CB09A92-88A2-4ECD-84AC-E214893A47F9}"
EndProject
Project("{FAE04EC0-301F-11D3-BF4B-00C04F79EFBC}") = "05.SnakeMoves", "05.SnakeMoves\05.SnakeMoves.csproj", "{83766DDD-DBC1-465C-BDA9-D247BF5497BE}"
EndProject
Project("{FAE04EC0-301F-11D3-BF4B-00C04F79EFBC}") = "06.JaggedArrayManipulator", "06.JaggedArrayManipulator\06.JaggedArrayManipulator.csproj", "{F6504F88-36A2-473F-AFA6-6CCE18BE4A81}"
EndProject
Project("{FAE04EC0-301F-11D3-BF4B-00C04F79EFBC}") = "07.KnightGame", "07.KnightGame\07.KnightGame.csproj", "{DFA7E823-3C26-4581-8675-E4FF8DC38E9F}"
EndProject
Project("{FAE04EC0-301F-11D3-BF4B-00C04F79EFBC}") = "08.Bombs", "08.Bombs\08.Bombs.csproj", "{141605EF-5D6A-4C6A-98A9-CFAC35D980B0}"
EndProject
Project("{FAE04EC0-301F-11D3-BF4B-00C04F79EFBC}") = "09.Miner", "09.Miner\09.Miner.csproj", "{205336CC-714E-4DA4-A9C2-86D7A5B181CF}"
EndProject
Project("{FAE04EC0-301F-11D3-BF4B-00C04F79EFBC}") = "10.RadioactiveMutantVampireBunnies", "10.RadioactiveMutantVampireBunnies\10.RadioactiveMutantVampireBunnies.csproj", "{D542ADF9-675F-4A5B-BD9B-CB2B08C35BD9}"
EndProject
Global
	GlobalSection(SolutionConfigurationPlatforms) = preSolution
		Debug|Any CPU = Debug|Any CPU
		Release|Any CPU = Release|Any CPU
	EndGlobalSection
	GlobalSection(ProjectConfigurationPlatforms) = postSolution
		{D44E57ED-385C-4D4D-8BF1-493AF148A533}.Debug|Any CPU.ActiveCfg = Debug|Any CPU
		{D44E57ED-385C-4D4D-8BF1-493AF148A533}.Debug|Any CPU.Build.0 = Debug|Any CPU
		{D44E57ED-385C-4D4D-8BF1-493AF148A533}.Release|Any CPU.ActiveCfg = Release|Any CPU
		{D44E57ED-385C-4D4D-8BF1-493AF148A533}.Release|Any CPU.Build.0 = Release|Any CPU
		{315F270F-1AB5-461E-BA16-43DFF2213CB0}.Debug|Any CPU.ActiveCfg = Debug|Any CPU
		{315F270F-1AB5-461E-BA16-43DFF2213CB0}.Debug|Any CPU.Build.0 = Debug|Any CPU
		{315F270F-1AB5-461E-BA16-43DFF2213CB0}.Release|Any CPU.ActiveCfg = Release|Any CPU
		{315F270F-1AB5-461E-BA16-43DFF2213CB0}.Release|Any CPU.Build.0 = Release|Any CPU
		{683E625E-9895-46C3-8963-D1D224FCE560}.Debug|Any CPU.ActiveCfg = Debug|Any CPU
		{683E625E-9895-46C3-8963-D1D224FCE560}.Debug|Any CPU.Build.0 = Debug|Any CPU
		{683E625E-9895-46C3-8963-D1D224FCE560}.Release|Any CPU.ActiveCfg = Release|Any CPU
		{683E625E-9895-46C3-8963-D1D224FCE560}.Release|Any CPU.Build.0 = Release|Any CPU
		{7CB09A92-88A2-4ECD-84AC-E214893A47F9}.Debug|Any CPU.ActiveCfg = Debug|Any CPU
		{7CB09A92-88A2-4ECD-84AC-E214893A47F9}.Debug|Any CPU.Build.0 = Debug|Any CPU
		{7CB09A92-88A2-4ECD-84AC-E214893A47F9}.Release|Any CPU.ActiveCfg = Release|Any CPU
		{7CB09A92-88A2-4ECD-84AC-E214893A47F9}.Release|Any CPU.Build.0 = Release|Any CPU
		{83766DDD-DBC1-465C-BDA9-D247BF5497BE}.Debug|Any CPU.ActiveCfg = Debug|Any CPU
		{83766DDD-DBC1-465C-BDA9-D247BF5497BE}.Debug|Any CPU.Build.0 = Debug|Any CPU
		{83766DDD-DBC1-465C-BDA9-D247BF5497BE}.Release|Any CPU.ActiveCfg = Release|Any CPU
		{83766DDD-DBC1-465C-BDA9-D247BF5497BE}.Release|Any CPU.Build.0 = Release|Any CPU
		{F6504F88-36A2-473F-AFA6-6CCE18BE4A81}.Debug|Any CPU.ActiveCfg = Debug|Any CPU
		{F6504F88-36A2-473F-AFA6-6CCE18BE4A81}.Debug|Any CPU.Build.0 = Debug|Any CPU
		{F6504F88-36A2-473F-AFA6-6CCE18BE4A81}.Release|Any CPU.ActiveCfg = Release|Any CPU
		{F6504F88-36A2-473F-AFA6-6CCE18BE4A81}.Release|Any CPU.Build.0 = Release|Any CPU
		{DFA7E823-3C26-4581-8675-E4FF8DC38E9F}.Debug|Any CPU.ActiveCfg = Debug|Any CPU
		{DFA7E823-3C26-4581-8675-E4FF8DC38E9F}.Debug|Any CPU.Build.0 = Debug|Any CPU
		{DFA7E823-3C26-4581-8675-E4FF8DC38E9F}.Release|Any CPU.ActiveCfg = Release|Any CPU
		{DFA7E823-3C26-4581-8675-E4FF8DC38E9F}.Release|Any CPU.Build.0 = Release|Any CPU
		{141605EF-5D6A-4C6A-98A9-CFAC35D980B0}.Debug|Any CPU.ActiveCfg = Debug|Any CPU
		{141605EF-5D6A-4C6A-98A9-CFAC35D980B0}.Debug|Any CPU.Build.0 = Debug|Any CPU
		{141605EF-5D6A-4C6A-98A9-CFAC35D980B0}.Release|Any CPU.ActiveCfg = Release|Any CPU
		{141605EF-5D6A-4C6A-98A9-CFAC35D980B0}.Release|Any CPU.Build.0 = Release|Any CPU
		{205336CC-714E-4DA4-A9C2-86D7A5B181CF}.Debug|Any CPU.ActiveCfg = Debug|Any CPU
		{205336CC-714E-4DA4-A9C2-86D7A5B181CF}.Debug|Any CPU.Build.0 = Debug|Any CPU
		{205336CC-714E-4DA4-A9C2-86D7A5B181CF}.Release|Any CPU.ActiveCfg = Release|Any CPU
		{205336CC-714E-4DA4-A9C2-86D7A5B181CF}.Release|Any CPU.Build.0 = Release|Any CPU
		{D542ADF9-675F-4A5B-BD9B-CB2B08C35BD9}.Debug|Any CPU.ActiveCfg = Debug|Any CPU
		{D542ADF9-675F-4A5B-BD9B-CB2B08C35BD9}.Debug|Any CPU.Build.0 = Debug|Any CPU
		{D542ADF9-675F-4A5B-BD9B-CB2B08C35BD9}.Release|Any CPU.ActiveCfg = Release|Any CPU
		{D542ADF9-675F-4A5B-BD9B-CB2B08C35BD9}.Release|Any CPU.Build.0 = Release|Any CPU
	EndGlobalSection
	GlobalSection(SolutionProperties) = preSolution
		HideSolutionNode = FALSE
	EndGlobalSection
	GlobalSection(ExtensibilityGlobals) = postSolution
		SolutionGuid = {1E7C4614-5E9D-4CB3-94EB-E579392F8CA7}
	EndGlobalSection
EndGlobal
